# This file is autogenerated, do not edit; changes may be undone by the next 'dep ensure'.


[[projects]]
  digest = "1:428a47a57a7e31ffc075022515888bae899df838de556e9ac7f4e6a67d3d673f"
  name = "github.com/mackerelio/mackerel-client-go"
  packages = ["."]
  pruneopts = "UT"
  revision = "cd3b7a5f288caa27d388de0057124b224c676639"
  version = "v0.1.0"

[solve-meta]
  analyzer-name = "dep"
  analyzer-version = 1
  input-imports = ["github.com/mackerelio/mackerel-client-go"]
  solver-name = "gps-cdcl"
  solver-version = 1
